// !$*UTF8*$!
{
	archiveVersion = 1;
	classes = {
	};
	objectVersion = 46;
	objects = {

/* Begin PBXBuildFile section */
		3EB35A201A9BE6B7005C0811 /* main.m in Sources */ = {isa = PBXBuildFile; fileRef = 3EB35A1F1A9BE6B7005C0811 /* main.m */; };
		3EB35A231A9BE6B7005C0811 /* AppDelegate.m in Sources */ = {isa = PBXBuildFile; fileRef = 3EB35A221A9BE6B7005C0811 /* AppDelegate.m */; };
		3EB35A261A9BE6B7005C0811 /* ViewController.m in Sources */ = {isa = PBXBuildFile; fileRef = 3EB35A251A9BE6B7005C0811 /* ViewController.m */; };
		3EB35A291A9BE6B7005C0811 /* Main.storyboard in Resources */ = {isa = PBXBuildFile; fileRef = 3EB35A271A9BE6B7005C0811 /* Main.storyboard */; };
		3EB35A2B1A9BE6B7005C0811 /* Images.xcassets in Resources */ = {isa = PBXBuildFile; fileRef = 3EB35A2A1A9BE6B7005C0811 /* Images.xcassets */; };
		3EB35A2E1A9BE6B7005C0811 /* LaunchScreen.xib in Resources */ = {isa = PBXBuildFile; fileRef = 3EB35A2C1A9BE6B7005C0811 /* LaunchScreen.xib */; };
		3EB35A3A1A9BE6B7005C0811 /* KeyIndicatorsTests.m in Sources */ = {isa = PBXBuildFile; fileRef = 3EB35A391A9BE6B7005C0811 /* KeyIndicatorsTests.m */; };
/* End PBXBuildFile section */

/* Begin PBXContainerItemProxy section */
		3EB35A341A9BE6B7005C0811 /* PBXContainerItemProxy */ = {
			isa = PBXContainerItemProxy;
			containerPortal = 3EB35A121A9BE6B7005C0811 /* Project object */;
			proxyType = 1;
			remoteGlobalIDString = 3EB35A191A9BE6B7005C0811;
			remoteInfo = KeyIndicators;
		};
/* End PBXContainerItemProxy section */

/* Begin PBXFileReference section */
		3EB35A1A1A9BE6B7005C0811 /* KeyIndicators.app */ = {isa = PBXFileReference; explicitFileType = wrapper.application; includeInIndex = 0; path = KeyIndicators.app; sourceTree = BUILT_PRODUCTS_DIR; };
		3EB35A1E1A9BE6B7005C0811 /* Info.plist */ = {isa = PBXFileReference; lastKnownFileType = text.plist.xml; path = Info.plist; sourceTree = "<group>"; };
		3EB35A1F1A9BE6B7005C0811 /* main.m */ = {isa = PBXFileReference; lastKnownFileType = sourcecode.c.objc; path = main.m; sourceTree = "<group>"; };
		3EB35A211A9BE6B7005C0811 /* AppDelegate.h */ = {isa = PBXFileReference; lastKnownFileType = sourcecode.c.h; path = AppDelegate.h; sourceTree = "<group>"; };
		3EB35A221A9BE6B7005C0811 /* AppDelegate.m */ = {isa = PBXFileReference; lastKnownFileType = sourcecode.c.objc; path = AppDelegate.m; sourceTree = "<group>"; };
		3EB35A241A9BE6B7005C0811 /* ViewController.h */ = {isa = PBXFileReference; lastKnownFileType = sourcecode.c.h; path = ViewController.h; sourceTree = "<group>"; };
		3EB35A251A9BE6B7005C0811 /* ViewController.m */ = {isa = PBXFileReference; lastKnownFileType = sourcecode.c.objc; path = ViewController.m; sourceTree = "<group>"; };
		3EB35A281A9BE6B7005C0811 /* Base */ = {isa = PBXFileReference; lastKnownFileType = file.storyboard; name = Base; path = Base.lproj/Main.storyboard; sourceTree = "<group>"; };
		3EB35A2A1A9BE6B7005C0811 /* Images.xcassets */ = {isa = PBXFileReference; lastKnownFileType = folder.assetcatalog; path = Images.xcassets; sourceTree = "<group>"; };
		3EB35A2D1A9BE6B7005C0811 /* Base */ = {isa = PBXFileReference; lastKnownFileType = file.xib; name = Base; path = Base.lproj/LaunchScreen.xib; sourceTree = "<group>"; };
		3EB35A331A9BE6B7005C0811 /* KeyIndicatorsTests.xctest */ = {isa = PBXFileReference; explicitFileType = wrapper.cfbundle; includeInIndex = 0; path = KeyIndicatorsTests.xctest; sourceTree = BUILT_PRODUCTS_DIR; };
		3EB35A381A9BE6B7005C0811 /* Info.plist */ = {isa = PBXFileReference; lastKnownFileType = text.plist.xml; path = Info.plist; sourceTree = "<group>"; };
		3EB35A391A9BE6B7005C0811 /* KeyIndicatorsTests.m */ = {isa = PBXFileReference; lastKnownFileType = sourcecode.c.objc; path = KeyIndicatorsTests.m; sourceTree = "<group>"; };
/* End PBXFileReference section */

/* Begin PBXFrameworksBuildPhase section */
		3EB35A171A9BE6B7005C0811 /* Frameworks */ = {
			isa = PBXFrameworksBuildPhase;
			buildActionMask = 2147483647;
			files = (
			);
			runOnlyForDeploymentPostprocessing = 0;
		};
		3EB35A301A9BE6B7005C0811 /* Frameworks */ = {
			isa = PBXFrameworksBuildPhase;
			buildActionMask = 2147483647;
			files = (
			);
			runOnlyForDeploymentPostprocessing = 0;
		};
/* End PBXFrameworksBuildPhase section */

/* Begin PBXGroup section */
		3EB35A111A9BE6B7005C0811 = {
			isa = PBXGroup;
			children = (
				3EB35A1C1A9BE6B7005C0811 /* KeyIndicators */,
				3EB35A361A9BE6B7005C0811 /* KeyIndicatorsTests */,
				3EB35A1B1A9BE6B7005C0811 /* Products */,
			);
			sourceTree = "<group>";
		};
		3EB35A1B1A9BE6B7005C0811 /* Products */ = {
			isa = PBXGroup;
			children = (
				3EB35A1A1A9BE6B7005C0811 /* KeyIndicators.app */,
				3EB35A331A9BE6B7005C0811 /* KeyIndicatorsTests.xctest */,
			);
			name = Products;
			sourceTree = "<group>";
		};
		3EB35A1C1A9BE6B7005C0811 /* KeyIndicators */ = {
			isa = PBXGroup;
			children = (
				3EB35A211A9BE6B7005C0811 /* AppDelegate.h */,
				3EB35A221A9BE6B7005C0811 /* AppDelegate.m */,
				3EB35A241A9BE6B7005C0811 /* ViewController.h */,
				3EB35A251A9BE6B7005C0811 /* ViewController.m */,
				3EB35A271A9BE6B7005C0811 /* Main.storyboard */,
				3EB35A2A1A9BE6B7005C0811 /* Images.xcassets */,
				3EB35A2C1A9BE6B7005C0811 /* LaunchScreen.xib */,
				3EB35A1D1A9BE6B7005C0811 /* Supporting Files */,
			);
			path = KeyIndicators;
			sourceTree = "<group>";
		};
		3EB35A1D1A9BE6B7005C0811 /* Supporting Files */ = {
			isa = PBXGroup;
			children = (
				3EB35A1E1A9BE6B7005C0811 /* Info.plist */,
				3EB35A1F1A9BE6B7005C0811 /* main.m */,
			);
			name = "Supporting Files";
			sourceTree = "<group>";
		};
		3EB35A361A9BE6B7005C0811 /* KeyIndicatorsTests */ = {
			isa = PBXGroup;
			children = (
				3EB35A391A9BE6B7005C0811 /* KeyIndicatorsTests.m */,
				3EB35A371A9BE6B7005C0811 /* Supporting Files */,
			);
			path = KeyIndicatorsTests;
			sourceTree = "<group>";
		};
		3EB35A371A9BE6B7005C0811 /* Supporting Files */ = {
			isa = PBXGroup;
			children = (
				3EB35A381A9BE6B7005C0811 /* Info.plist */,
			);
			name = "Supporting Files";
			sourceTree = "<group>";
		};
/* End PBXGroup section */

/* Begin PBXNativeTarget section */
		3EB35A191A9BE6B7005C0811 /* KeyIndicators */ = {
			isa = PBXNativeTarget;
			buildConfigurationList = 3EB35A3D1A9BE6B7005C0811 /* Build configuration list for PBXNativeTarget "KeyIndicators" */;
			buildPhases = (
				3EB35A161A9BE6B7005C0811 /* Sources */,
				3EB35A171A9BE6B7005C0811 /* Frameworks */,
				3EB35A181A9BE6B7005C0811 /* Resources */,
			);
			buildRules = (
			);
			dependencies = (
			);
			name = KeyIndicators;
			productName = KeyIndicators;
			productReference = 3EB35A1A1A9BE6B7005C0811 /* KeyIndicators.app */;
			productType = "com.apple.product-type.application";
		};
		3EB35A321A9BE6B7005C0811 /* KeyIndicatorsTests */ = {
			isa = PBXNativeTarget;
			buildConfigurationList = 3EB35A401A9BE6B7005C0811 /* Build configuration list for PBXNativeTarget "KeyIndicatorsTests" */;
			buildPhases = (
				3EB35A2F1A9BE6B7005C0811 /* Sources */,
				3EB35A301A9BE6B7005C0811 /* Frameworks */,
				3EB35A311A9BE6B7005C0811 /* Resources */,
			);
			buildRules = (
			);
			dependencies = (
				3EB35A351A9BE6B7005C0811 /* PBXTargetDependency */,
			);
			name = KeyIndicatorsTests;
			productName = KeyIndicatorsTests;
			productReference = 3EB35A331A9BE6B7005C0811 /* KeyIndicatorsTests.xctest */;
			productType = "com.apple.product-type.bundle.unit-test";
		};
/* End PBXNativeTarget section */

/* Begin PBXProject section */
		3EB35A121A9BE6B7005C0811 /* Project object */ = {
			isa = PBXProject;
			attributes = {
				LastUpgradeCheck = 0610;
				ORGANIZATIONNAME = dapp;
				TargetAttributes = {
					3EB35A191A9BE6B7005C0811 = {
						CreatedOnToolsVersion = 6.1.1;
					};
					3EB35A321A9BE6B7005C0811 = {
						CreatedOnToolsVersion = 6.1.1;
						TestTargetID = 3EB35A191A9BE6B7005C0811;
					};
				};
			};
			buildConfigurationList = 3EB35A151A9BE6B7005C0811 /* Build configuration list for PBXProject "KeyIndicators" */;
			compatibilityVersion = "Xcode 3.2";
			developmentRegion = English;
			hasScannedForEncodings = 0;
			knownRegions = (
				en,
				Base,
			);
			mainGroup = 3EB35A111A9BE6B7005C0811;
			productRefGroup = 3EB35A1B1A9BE6B7005C0811 /* Products */;
			projectDirPath = "";
			projectRoot = "";
			targets = (
				3EB35A191A9BE6B7005C0811 /* KeyIndicators */,
				3EB35A321A9BE6B7005C0811 /* KeyIndicatorsTests */,
			);
		};
/* End PBXProject section */

/* Begin PBXResourcesBuildPhase section */
		3EB35A181A9BE6B7005C0811 /* Resources */ = {
			isa = PBXResourcesBuildPhase;
			buildActionMask = 2147483647;
			files = (
				3EB35A291A9BE6B7005C0811 /* Main.storyboard in Resources */,
				3EB35A2E1A9BE6B7005C0811 /* LaunchScreen.xib in Resources */,
				3EB35A2B1A9BE6B7005C0811 /* Images.xcassets in Resources */,
			);
			runOnlyForDeploymentPostprocessing = 0;
		};
		3EB35A311A9BE6B7005C0811 /* Resources */ = {
			isa = PBXResourcesBuildPhase;
			buildActionMask = 2147483647;
			files = (
			);
			runOnlyForDeploymentPostprocessing = 0;
		};
/* End PBXResourcesBuildPhase section */

/* Begin PBXSourcesBuildPhase section */
		3EB35A161A9BE6B7005C0811 /* Sources */ = {
			isa = PBXSourcesBuildPhase;
			buildActionMask = 2147483647;
			files = (
				3EB35A261A9BE6B7005C0811 /* ViewController.m in Sources */,
				3EB35A231A9BE6B7005C0811 /* AppDelegate.m in Sources */,
				3EB35A201A9BE6B7005C0811 /* main.m in Sources */,
			);
			runOnlyForDeploymentPostprocessing = 0;
		};
		3EB35A2F1A9BE6B7005C0811 /* Sources */ = {
			isa = PBXSourcesBuildPhase;
			buildActionMask = 2147483647;
			files = (
				3EB35A3A1A9BE6B7005C0811 /* KeyIndicatorsTests.m in Sources */,
			);
			runOnlyForDeploymentPostprocessing = 0;
		};
/* End PBXSourcesBuildPhase section */

/* Begin PBXTargetDependency section */
		3EB35A351A9BE6B7005C0811 /* PBXTargetDependency */ = {
			isa = PBXTargetDependency;
			target = 3EB35A191A9BE6B7005C0811 /* KeyIndicators */;
			targetProxy = 3EB35A341A9BE6B7005C0811 /* PBXContainerItemProxy */;
		};
/* End PBXTargetDependency section */

/* Begin PBXVariantGroup section */
		3EB35A271A9BE6B7005C0811 /* Main.storyboard */ = {
			isa = PBXVariantGroup;
			children = (
				3EB35A281A9BE6B7005C0811 /* Base */,
			);
			name = Main.storyboard;
			sourceTree = "<group>";
		};
		3EB35A2C1A9BE6B7005C0811 /* LaunchScreen.xib */ = {
			isa = PBXVariantGroup;
			children = (
				3EB35A2D1A9BE6B7005C0811 /* Base */,
			);
			name = LaunchScreen.xib;
			sourceTree = "<group>";
		};
/* End PBXVariantGroup section */

/* Begin XCBuildConfiguration section */
		3EB35A3B1A9BE6B7005C0811 /* Debug */ = {
			isa = XCBuildConfiguration;
			buildSettings = {
				ALWAYS_SEARCH_USER_PATHS = NO;
				CLANG_CXX_LANGUAGE_STANDARD = "gnu++0x";
				CLANG_CXX_LIBRARY = "libc++";
				CLANG_ENABLE_MODULES = YES;
				CLANG_ENABLE_OBJC_ARC = YES;
				CLANG_WARN_BOOL_CONVERSION = YES;
				CLANG_WARN_CONSTANT_CONVERSION = YES;
				CLANG_WARN_DIRECT_OBJC_ISA_USAGE = YES_ERROR;
				CLANG_WARN_EMPTY_BODY = YES;
				CLANG_WARN_ENUM_CONVERSION = YES;
				CLANG_WARN_INT_CONVERSION = YES;
				CLANG_WARN_OBJC_ROOT_CLASS = YES_ERROR;
				CLANG_WARN_UNREACHABLE_CODE = YES;
				CLANG_WARN__DUPLICATE_METHOD_MATCH = YES;
				"CODE_SIGN_IDENTITY[sdk=iphoneos*]" = "iPhone Developer";
				COPY_PHASE_STRIP = NO;
				ENABLE_STRICT_OBJC_MSGSEND = YES;
				GCC_C_LANGUAGE_STANDARD = gnu99;
				GCC_DYNAMIC_NO_PIC = NO;
				GCC_OPTIMIZATION_LEVEL = 0;
				GCC_PREPROCESSOR_DEFINITIONS = (
					"DEBUG=1",
					"$(inherited)",
				);
				GCC_SYMBOLS_PRIVATE_EXTERN = NO;
				GCC_WARN_64_TO_32_BIT_CONVERSION = YES;
				GCC_WARN_ABOUT_RETURN_TYPE = YES_ERROR;
				GCC_WARN_UNDECLARED_SELECTOR = YES;
				GCC_WARN_UNINITIALIZED_AUTOS = YES_AGGRESSIVE;
				GCC_WARN_UNUSED_FUNCTION = YES;
				GCC_WARN_UNUSED_VARIABLE = YES;
				IPHONEOS_DEPLOYMENT_TARGET = 8.1;
				MTL_ENABLE_DEBUG_INFO = YES;
				ONLY_ACTIVE_ARCH = YES;
				SDKROOT = iphoneos;
			};
			name = Debug;
		};
		3EB35A3C1A9BE6B7005C0811 /* Release */ = {
			isa = XCBuildConfiguration;
			buildSettings = {
				ALWAYS_SEARCH_USER_PATHS = NO;
				CLANG_CXX_LANGUAGE_STANDARD = "gnu++0x";
				CLANG_CXX_LIBRARY = "libc++";
				CLANG_ENABLE_MODULES = YES;
				CLANG_ENABLE_OBJC_ARC = YES;
				CLANG_WARN_BOOL_CONVERSION = YES;
				CLANG_WARN_CONSTANT_CONVERSION = YES;
				CLANG_WARN_DIRECT_OBJC_ISA_USAGE = YES_ERROR;
				CLANG_WARN_EMPTY_BODY = YES;
				CLANG_WARN_ENUM_CONVERSION = YES;
				CLANG_WARN_INT_CONVERSION = YES;
				CLANG_WARN_OBJC_ROOT_CLASS = YES_ERROR;
				CLANG_WARN_UNREACHABLE_CODE = YES;
				CLANG_WARN__DUPLICATE_METHOD_MATCH = YES;
				"CODE_SIGN_IDENTITY[sdk=iphoneos*]" = "iPhone Developer";
				COPY_PHASE_STRIP = YES;
				ENABLE_NS_ASSERTIONS = NO;
				ENABLE_STRICT_OBJC_MSGSEND = YES;
				GCC_C_LANGUAGE_STANDARD = gnu99;
				GCC_WARN_64_TO_32_BIT_CONVERSION = YES;
				GCC_WARN_ABOUT_RETURN_TYPE = YES_ERROR;
				GCC_WARN_UNDECLARED_SELECTOR = YES;
				GCC_WARN_UNINITIALIZED_AUTOS = YES_AGGRESSIVE;
				GCC_WARN_UNUSED_FUNCTION = YES;
				GCC_WARN_UNUSED_VARIABLE = YES;
				IPHONEOS_DEPLOYMENT_TARGET = 8.1;
				MTL_ENABLE_DEBUG_INFO = NO;
				SDKROOT = iphoneos;
				VALIDATE_PRODUCT = YES;
			};
			name = Release;
		};
		3EB35A3E1A9BE6B7005C0811 /* Debug */ = {
			isa = XCBuildConfiguration;
			buildSettings = {
				ASSETCATALOG_COMPILER_APPICON_NAME = AppIcon;
				INFOPLIST_FILE = KeyIndicators/Info.plist;
				LD_RUNPATH_SEARCH_PATHS = "$(inherited) @executable_path/Frameworks";
				PRODUCT_NAME = "$(TARGET_NAME)";
			};
			name = Debug;
		};
		3EB35A3F1A9BE6B7005C0811 /* Release */ = {
			isa = XCBuildConfiguration;
			buildSettings = {
				ASSETCATALOG_COMPILER_APPICON_NAME = AppIcon;
				INFOPLIST_FILE = KeyIndicators/Info.plist;
				LD_RUNPATH_SEARCH_PATHS = "$(inherited) @executable_path/Frameworks";
				PRODUCT_NAME = "$(TARGET_NAME)";
			};
			name = Release;
		};
		3EB35A411A9BE6B7005C0811 /* Debug */ = {
			isa = XCBuildConfiguration;
			buildSettings = {
				BUNDLE_LOADER = "$(TEST_HOST)";
				FRAMEWORK_SEARCH_PATHS = (
					"$(SDKROOT)/Developer/Library/Frameworks",
					"$(inherited)",
				);
				GCC_PREPROCESSOR_DEFINITIONS = (
					"DEBUG=1",
					"$(inherited)",
				);
				INFOPLIST_FILE = KeyIndicatorsTests/Info.plist;
				LD_RUNPATH_SEARCH_PATHS = "$(inherited) @executable_path/Frameworks @loader_path/Frameworks";
				PRODUCT_NAME = "$(TARGET_NAME)";
				TEST_HOST = "$(BUILT_PRODUCTS_DIR)/KeyIndicators.app/KeyIndicators";
			};
			name = Debug;
		};
		3EB35A421A9BE6B7005C0811 /* Release */ = {
			isa = XCBuildConfiguration;
			buildSettings = {
				BUNDLE_LOADER = "$(TEST_HOST)";
				FRAMEWORK_SEARCH_PATHS = (
					"$(SDKROOT)/Developer/Library/Frameworks",
					"$(inherited)",
				);
				INFOPLIST_FILE = KeyIndicatorsTests/Info.plist;
				LD_RUNPATH_SEARCH_PATHS = "$(inherited) @executable_path/Frameworks @loader_path/Frameworks";
				PRODUCT_NAME = "$(TARGET_NAME)";
				TEST_HOST = "$(BUILT_PRODUCTS_DIR)/KeyIndicators.app/KeyIndicators";
			};
			name = Release;
		};
/* End XCBuildConfiguration section */

/* Begin XCConfigurationList section */
		3EB35A151A9BE6B7005C0811 /* Build configuration list for PBXProject "KeyIndicators" */ = {
			isa = XCConfigurationList;
			buildConfigurations = (
				3EB35A3B1A9BE6B7005C0811 /* Debug */,
				3EB35A3C1A9BE6B7005C0811 /* Release */,
			);
			defaultConfigurationIsVisible = 0;
			defaultConfigurationName = Release;
		};
		3EB35A3D1A9BE6B7005C0811 /* Build configuration list for PBXNativeTarget "KeyIndicators" */ = {
			isa = XCConfigurationList;
			buildConfigurations = (
				3EB35A3E1A9BE6B7005C0811 /* Debug */,
				3EB35A3F1A9BE6B7005C0811 /* Release */,
			);
			defaultConfigurationIsVisible = 0;
		};
		3EB35A401A9BE6B7005C0811 /* Build configuration list for PBXNativeTarget "KeyIndicatorsTests" */ = {
			isa = XCConfigurationList;
			buildConfigurations = (
				3EB35A411A9BE6B7005C0811 /* Debug */,
				3EB35A421A9BE6B7005C0811 /* Release */,
			);
			defaultConfigurationIsVisible = 0;
		};
/* End XCConfigurationList section */
	};
	rootObject = 3EB35A121A9BE6B7005C0811 /* Project object */;
}
